
Microsoft Visual Studio Solution File, Format Version 12.00
# Visual Studio Version 16
VisualStudioVersion = 16.0.30114.128
MinimumVisualStudioVersion = 10.0.40219.1
Project("{FAE04EC0-301F-11D3-BF4B-00C04F79EFBC}") = "BlazorApp2.Server", "BlazorApp2\Server\BlazorApp2.Server.csproj", "{0BA3EBC3-F320-4064-BE01-9940208CAF5C}"
EndProject
Project("{FAE04EC0-301F-11D3-BF4B-00C04F79EFBC}") = "BlazorApp2.Client", "BlazorApp2\Client\BlazorApp2.Client.csproj", "{2060E7F4-4FE6-4736-89B8-E4B49FF62345}"
EndProject
Project("{FAE04EC0-301F-11D3-BF4B-00C04F79EFBC}") = "BlazorApp2.Shared", "BlazorApp2\Shared\BlazorApp2.Shared.csproj", "{8628B7CA-6485-4B01-A41E-FE199E58A467}"
EndProject
Global
	GlobalSection(SolutionConfigurationPlatforms) = preSolution
		Debug|Any CPU = Debug|Any CPU
		Release|Any CPU = Release|Any CPU
	EndGlobalSection
	GlobalSection(ProjectConfigurationPlatforms) = postSolution
		{0BA3EBC3-F320-4064-BE01-9940208CAF5C}.Debug|Any CPU.ActiveCfg = Debug|Any CPU
		{0BA3EBC3-F320-4064-BE01-9940208CAF5C}.Debug|Any CPU.Build.0 = Debug|Any CPU
		{0BA3EBC3-F320-4064-BE01-9940208CAF5C}.Release|Any CPU.ActiveCfg = Release|Any CPU
		{0BA3EBC3-F320-4064-BE01-9940208CAF5C}.Release|Any CPU.Build.0 = Release|Any CPU
		{2060E7F4-4FE6-4736-89B8-E4B49FF62345}.Debug|Any CPU.ActiveCfg = Debug|Any CPU
		{2060E7F4-4FE6-4736-89B8-E4B49FF62345}.Debug|Any CPU.Build.0 = Debug|Any CPU
		{2060E7F4-4FE6-4736-89B8-E4B49FF62345}.Release|Any CPU.ActiveCfg = Release|Any CPU
		{2060E7F4-4FE6-4736-89B8-E4B49FF62345}.Release|Any CPU.Build.0 = Release|Any CPU
		{8628B7CA-6485-4B01-A41E-FE199E58A467}.Debug|Any CPU.ActiveCfg = Debug|Any CPU
		{8628B7CA-6485-4B01-A41E-FE199E58A467}.Debug|Any CPU.Build.0 = Debug|Any CPU
		{8628B7CA-6485-4B01-A41E-FE199E58A467}.Release|Any CPU.ActiveCfg = Release|Any CPU
		{8628B7CA-6485-4B01-A41E-FE199E58A467}.Release|Any CPU.Build.0 = Release|Any CPU
	EndGlobalSection
	GlobalSection(SolutionProperties) = preSolution
		HideSolutionNode = FALSE
	EndGlobalSection
	GlobalSection(ExtensibilityGlobals) = postSolution
		SolutionGuid = {DD73F2B1-EB72-45F9-82ED-6A79DA77A9AA}
	EndGlobalSection
EndGlobal
